<?xml version="1.0" encoding="utf-8"?>
<Project ToolsVersion="4.0" xmlns="http://schemas.microsoft.com/developer/msbuild/2003">
  <ItemGroup>
    <Filter Include="Source Files">
      <UniqueIdentifier>{4FC737F1-C7A5-4376-A066-2A32D752A2FF}</UniqueIdentifier>
      <Extensions>cpp;c;cc;cxx;def;odl;idl;hpj;bat;asm;asmx</Extensions>
    </Filter>
    <Filter Include="Header Files">
      <UniqueIdentifier>{93995380-89BD-4b04-88EB-625FBE52EBFB}</UniqueIdentifier>
      <Extensions>h;hh;hpp;hxx;hm;inl;inc;ipp;xsd</Extensions>
    </Filter>
    <Filter Include="Resource Files">
      <UniqueIdentifier>{67DA6AB6-F800-4c08-8B7A-83BB121AAD01}</UniqueIdentifier>
      <Extensions>rc;ico;cur;bmp;dlg;rc2;rct;bin;rgs;gif;jpg;jpeg;jpe;resx;tiff;tif;png;wav;mfcribbon-ms</Extensions>
    </Filter>
    <Filter Include="Header Files\AI">
      <UniqueIdentifier>{3c21768a-28cc-44e7-97bc-63cca364d7ab}</UniqueIdentifier>
    </Filter>
    <Filter Include="Source Files\AI">
      <UniqueIdentifier>{45ab274c-2a22-46e0-ab06-76d6848e2845}</UniqueIdentifier>
    </Filter>
    <Filter Include="Header Files\Data">
      <UniqueIdentifier>{e0fceb93-33bc-4da5-9b66-bf608beb6b14}</UniqueIdentifier>
    </Filter>
    <Filter Include="Header Files\Services">
      <UniqueIdentifier>{21289227-0a85-4697-bff9-a3b02ba14ac6}</UniqueIdentifier>
    </Filter>
    <Filter Include="Header Files\WorldObjects">
      <UniqueIdentifier>{2fbc418f-c6e0-48b3-b7ed-911736789c9b}</UniqueIdentifier>
    </Filter>
    <Filter Include="Source Files\World Objects">
      <UniqueIdentifier>{97817328-e780-4fd4-b8e2-2b5104c21e9e}</UniqueIdentifier>
    </Filter>
    <Filter Include="Header Files\Primitive types">
      <UniqueIdentifier>{c466b2a9-c113-488c-bbc2-541db2afcfd6}</UniqueIdentifier>
    </Filter>
    <Filter Include="Source Files\Services">
      <UniqueIdentifier>{2b4638f1-700e-4a37-8a1d-d6d423d1452f}</UniqueIdentifier>
    </Filter>
    <Filter Include="Source Files\Primitive types">
      <UniqueIdentifier>{a728419a-1dcc-4db8-bb29-82e94384eebf}</UniqueIdentifier>
    </Filter>
  </ItemGroup>
  <ItemGroup>
    <ClCompile Include="AIController.cpp">
      <Filter>Source Files\AI</Filter>
    </ClCompile>
    <ClCompile Include="Pathfinder.cpp">
      <Filter>Source Files\AI</Filter>
    </ClCompile>
    <ClCompile Include="LittleProblemSolver.cpp">
      <Filter>Source Files\World Objects</Filter>
    </ClCompile>
    <ClCompile Include="WorldStateLocator.cpp">
      <Filter>Source Files\Services</Filter>
    </ClCompile>
    <ClCompile Include="TileMap.cpp">
      <Filter>Source Files\Primitive types</Filter>
    </ClCompile>
    <ClCompile Include="AnimatedSprite.cpp">
      <Filter>Source Files\Primitive types</Filter>
    </ClCompile>
    <ClCompile Include="main.cpp">
      <Filter>Source Files</Filter>
    </ClCompile>
    <ClCompile Include="Maze.cpp">
      <Filter>Source Files\World Objects</Filter>
    </ClCompile>
  </ItemGroup>
  <ItemGroup>
    <ClInclude Include="Loader.h">
      <Filter>Header Files\Services</Filter>
    </ClInclude>
    <ClInclude Include="AIController.h">
      <Filter>Header Files\AI</Filter>
    </ClInclude>
    <ClInclude Include="AIState.h">
      <Filter>Header Files\AI</Filter>
    </ClInclude>
    <ClInclude Include="Pathfinder.h">
      <Filter>Header Files\AI</Filter>
    </ClInclude>
    <ClInclude Include="ProblemCreator.h">
      <Filter>Header Files\Services</Filter>
    </ClInclude>
    <ClInclude Include="MapPackage.h">
      <Filter>Header Files\Data</Filter>
    </ClInclude>
    <ClInclude Include="ProblemPackage.h">
      <Filter>Header Files\Data</Filter>
    </ClInclude>
    <ClInclude Include="WorldState.hpp">
      <Filter>Header Files\Services</Filter>
    </ClInclude>
    <ClInclude Include="LittleProblemSolver.h">
      <Filter>Header Files\WorldObjects</Filter>
    </ClInclude>
    <ClInclude Include="LittleProblemSolverStates.hpp">
      <Filter>Header Files\WorldObjects</Filter>
    </ClInclude>
    <ClInclude Include="WorldStateLocator.h">
      <Filter>Header Files\Services</Filter>
    </ClInclude>
    <ClInclude Include="TileMap.h">
      <Filter>Header Files\Primitive types</Filter>
    </ClInclude>
    <ClInclude Include="AnimatedSprite.h">
      <Filter>Header Files\Primitive types</Filter>
    </ClInclude>
    <ClInclude Include="WorldObject.hpp">
      <Filter>Header Files\WorldObjects</Filter>
    </ClInclude>
    <ClInclude Include="Maze.h">
      <Filter>Header Files\WorldObjects</Filter>
    </ClInclude>
  </ItemGroup>
  <ItemGroup>
    <Image Include="Resources\Images\Positiv Animation Sheet.png">
      <Filter>Resource Files</Filter>
    </Image>
    <Image Include="Resources\Images\tileset.png">
      <Filter>Resource Files</Filter>
    </Image>
  </ItemGroup>
</Project>