<?xml version="1.0" encoding="utf-8"?>
<Project ToolsVersion="4.0" xmlns="http://schemas.microsoft.com/developer/msbuild/2003">
  <ItemGroup>
    <Filter Include="Source Files">
      <UniqueIdentifier>{4FC737F1-C7A5-4376-A066-2A32D752A2FF}</UniqueIdentifier>
      <Extensions>cpp;c;cc;cxx;def;odl;idl;hpj;bat;asm;asmx</Extensions>
    </Filter>
    <Filter Include="Header Files">
      <UniqueIdentifier>{93995380-89BD-4b04-88EB-625FBE52EBFB}</UniqueIdentifier>
      <Extensions>h;hh;hpp;hxx;hm;inl;inc;ipp;xsd</Extensions>
    </Filter>
    <Filter Include="Resource Files">
      <UniqueIdentifier>{67DA6AB6-F800-4c08-8B7A-83BB121AAD01}</UniqueIdentifier>
      <Extensions>rc;ico;cur;bmp;dlg;rc2;rct;bin;rgs;gif;jpg;jpeg;jpe;resx;tiff;tif;png;wav;mfcribbon-ms</Extensions>
    </Filter>
    <Filter Include="Header Files\AI">
      <UniqueIdentifier>{3e416307-9662-4bdc-924f-5ba990f4c649}</UniqueIdentifier>
    </Filter>
    <Filter Include="Header Files\Semi-Primitives">
      <UniqueIdentifier>{1b6b5ea9-1171-40e7-b84e-0808da577662}</UniqueIdentifier>
    </Filter>
    <Filter Include="Header Files\Services">
      <UniqueIdentifier>{7647813e-f562-479b-b7a3-dd9fbdc4145d}</UniqueIdentifier>
    </Filter>
    <Filter Include="Header Files\Data">
      <UniqueIdentifier>{c29764d6-b138-4303-b6d6-e3e70ea5567d}</UniqueIdentifier>
    </Filter>
    <Filter Include="Header Files\WorldObjects">
      <UniqueIdentifier>{0116fec8-5d77-4dd0-8742-648a69fee88d}</UniqueIdentifier>
    </Filter>
    <Filter Include="Source Files\Services">
      <UniqueIdentifier>{94350cbe-0f66-42ce-8aef-acba45017ccd}</UniqueIdentifier>
    </Filter>
    <Filter Include="Source Files\WorldObjects">
      <UniqueIdentifier>{a9cd04bb-65fc-46af-82f5-7d9e57e3f4c8}</UniqueIdentifier>
    </Filter>
    <Filter Include="Source Files\AI">
      <UniqueIdentifier>{1c9a04eb-04eb-42dc-882a-09a34410be0a}</UniqueIdentifier>
    </Filter>
    <Filter Include="Source Files\Semi-Primitives">
      <UniqueIdentifier>{77877ecc-7ebd-47c0-b192-8f28396f7431}</UniqueIdentifier>
    </Filter>
    <Filter Include="Header Files\AI\Problem Solver States">
      <UniqueIdentifier>{2780231b-fda8-4b24-a70c-188e9928806a}</UniqueIdentifier>
    </Filter>
  </ItemGroup>
  <ItemGroup>
    <ClCompile Include="main.cpp">
      <Filter>Source Files</Filter>
    </ClCompile>
    <ClCompile Include="WorldObjects\Maze.cpp">
      <Filter>Source Files\WorldObjects</Filter>
    </ClCompile>
    <ClCompile Include="WorldObjects\ProblemSolver.cpp">
      <Filter>Source Files\WorldObjects</Filter>
    </ClCompile>
    <ClCompile Include="AI\AIController.cpp">
      <Filter>Source Files\AI</Filter>
    </ClCompile>
    <ClCompile Include="AI\Pathfinder.cpp">
      <Filter>Source Files\AI</Filter>
    </ClCompile>
    <ClCompile Include="Semi-Primitives\AnimatedSprite.cpp">
      <Filter>Source Files\Semi-Primitives</Filter>
    </ClCompile>
    <ClCompile Include="Semi-Primitives\TileMap.cpp">
      <Filter>Source Files\Semi-Primitives</Filter>
    </ClCompile>
    <ClCompile Include="Services\WorldStateLocator.cpp">
      <Filter>Source Files\Services</Filter>
    </ClCompile>
    <ClCompile Include="WorldObject.cpp">
      <Filter>Source Files\WorldObjects</Filter>
    </ClCompile>
  </ItemGroup>
  <ItemGroup>
    <Image Include="Resources\Images\Positiv Animation Sheet.png">
      <Filter>Resource Files</Filter>
    </Image>
    <Image Include="Resources\Images\tileset.png">
      <Filter>Resource Files</Filter>
    </Image>
  </ItemGroup>
  <ItemGroup>
    <ClInclude Include="AI\AIController.h">
      <Filter>Header Files\AI</Filter>
    </ClInclude>
    <ClInclude Include="AI\AIState.h">
      <Filter>Header Files\AI</Filter>
    </ClInclude>
    <ClInclude Include="Semi-Primitives\AnimatedSprite.h">
      <Filter>Header Files\Semi-Primitives</Filter>
    </ClInclude>
    <ClInclude Include="WorldObjects\ProblemSolver.h">
      <Filter>Header Files\WorldObjects</Filter>
    </ClInclude>
    <ClInclude Include="Data\MapPackage.h">
      <Filter>Header Files\Data</Filter>
    </ClInclude>
    <ClInclude Include="WorldObjects\Maze.h">
      <Filter>Header Files\WorldObjects</Filter>
    </ClInclude>
    <ClInclude Include="AI\Pathfinder.h">
      <Filter>Header Files\AI</Filter>
    </ClInclude>
    <ClInclude Include="Data\ProblemPackage.h">
      <Filter>Header Files\Data</Filter>
    </ClInclude>
    <ClInclude Include="WorldObjects\WorldObject.hpp">
      <Filter>Header Files\WorldObjects</Filter>
    </ClInclude>
    <ClInclude Include="Services\WorldState.hpp">
      <Filter>Header Files\Services</Filter>
    </ClInclude>
    <ClInclude Include="Services\WorldStateLocator.h">
      <Filter>Header Files\Services</Filter>
    </ClInclude>
    <ClInclude Include="Semi-Primitives\TileMap.h">
      <Filter>Header Files\Semi-Primitives</Filter>
    </ClInclude>
    <ClInclude Include="WorldObjects\ProblemSolverStates.hpp">
      <Filter>Header Files\AI\Problem Solver States</Filter>
    </ClInclude>
    <ClInclude Include="config.h">
      <Filter>Header Files</Filter>
    </ClInclude>
  </ItemGroup>
</Project>