<?xml version="1.0" encoding="utf-8"?>
<Project ToolsVersion="4.0" xmlns="http://schemas.microsoft.com/developer/msbuild/2003">
  <ItemGroup>
    <Filter Include="Source Files">
      <UniqueIdentifier>{4FC737F1-C7A5-4376-A066-2A32D752A2FF}</UniqueIdentifier>
      <Extensions>cpp;c;cc;cxx;c++;cppm;ixx;def;odl;idl;hpj;bat;asm;asmx</Extensions>
    </Filter>
    <Filter Include="Header Files">
      <UniqueIdentifier>{93995380-89BD-4b04-88EB-625FBE52EBFB}</UniqueIdentifier>
      <Extensions>h;hh;hpp;hxx;h++;hm;inl;inc;ipp;xsd</Extensions>
    </Filter>
    <Filter Include="Objects">
      <UniqueIdentifier>{e832ea6a-503d-4f36-bbc1-6cebc1824b8c}</UniqueIdentifier>
    </Filter>
    <Filter Include="Services">
      <UniqueIdentifier>{26c49511-3988-459a-83cc-869743624439}</UniqueIdentifier>
    </Filter>
    <Filter Include="AI">
      <UniqueIdentifier>{a8ab63d6-1b46-41c4-a010-215b59dc5b81}</UniqueIdentifier>
    </Filter>
    <Filter Include="NonExportableSFMLExtensions">
      <UniqueIdentifier>{2d442cdf-7e2a-491c-9b59-8d087b24fd2d}</UniqueIdentifier>
    </Filter>
    <Filter Include="Data">
      <UniqueIdentifier>{9c87b910-bd53-4f27-9e70-b4268dde210d}</UniqueIdentifier>
    </Filter>
  </ItemGroup>
  <ItemGroup>
    <ClInclude Include="framework.h">
      <Filter>Header Files</Filter>
    </ClInclude>
    <ClInclude Include="pch.h">
      <Filter>Header Files</Filter>
    </ClInclude>
    <ClInclude Include="WorldObject.h">
      <Filter>Objects</Filter>
    </ClInclude>
    <ClInclude Include="WorldStateLocator.h">
      <Filter>Services</Filter>
    </ClInclude>
    <ClInclude Include="WorldState.hpp">
      <Filter>Services</Filter>
    </ClInclude>
    <ClInclude Include="AIController.h">
      <Filter>AI</Filter>
    </ClInclude>
    <ClInclude Include="AIState.h">
      <Filter>AI</Filter>
    </ClInclude>
    <ClInclude Include="AnimatedSprite.h">
      <Filter>NonExportableSFMLExtensions</Filter>
    </ClInclude>
    <ClInclude Include="TileMap.h">
      <Filter>NonExportableSFMLExtensions</Filter>
    </ClInclude>
    <ClInclude Include="MapPackage.h">
      <Filter>Data</Filter>
    </ClInclude>
  </ItemGroup>
  <ItemGroup>
    <ClCompile Include="pch.cpp">
      <Filter>Source Files</Filter>
    </ClCompile>
    <ClCompile Include="WorldObject.cpp">
      <Filter>Objects</Filter>
    </ClCompile>
    <ClCompile Include="WorldStateLocator.cpp">
      <Filter>Services</Filter>
    </ClCompile>
    <ClCompile Include="AIController.cpp">
      <Filter>AI</Filter>
    </ClCompile>
    <ClCompile Include="AIState.cpp">
      <Filter>AI</Filter>
    </ClCompile>
    <ClCompile Include="dllmain.cpp">
      <Filter>Source Files</Filter>
    </ClCompile>
    <ClCompile Include="AnimatedSprite.cpp">
      <Filter>NonExportableSFMLExtensions</Filter>
    </ClCompile>
    <ClCompile Include="TileMap.cpp">
      <Filter>NonExportableSFMLExtensions</Filter>
    </ClCompile>
  </ItemGroup>
</Project>